// !$*UTF8*$!
{
	archiveVersion = 1;
	classes = {
	};
	objectVersion = 50;
	objects = {

/* Begin PBXBuildFile section */
		23AF7608919907A4173B24D3 /* Pods_CycleSwiftExample.framework in Frameworks */ = {isa = PBXBuildFile; fileRef = FEE5A507F7C8D92A7D0B8C0A /* Pods_CycleSwiftExample.framework */; };
		57C65B5922365ADE006BF302 /* AppDelegate.swift in Sources */ = {isa = PBXBuildFile; fileRef = 57C65B5822365ADE006BF302 /* AppDelegate.swift */; };
		57C65B5B22365ADE006BF302 /* ViewController.swift in Sources */ = {isa = PBXBuildFile; fileRef = 57C65B5A22365ADE006BF302 /* ViewController.swift */; };
		57C65B5E22365ADE006BF302 /* Main.storyboard in Resources */ = {isa = PBXBuildFile; fileRef = 57C65B5C22365ADE006BF302 /* Main.storyboard */; };
		57C65B6022365ADF006BF302 /* Assets.xcassets in Resources */ = {isa = PBXBuildFile; fileRef = 57C65B5F22365ADF006BF302 /* Assets.xcassets */; };
		57C65B6322365ADF006BF302 /* LaunchScreen.storyboard in Resources */ = {isa = PBXBuildFile; fileRef = 57C65B6122365ADF006BF302 /* LaunchScreen.storyboard */; };
/* End PBXBuildFile section */

/* Begin PBXFileReference section */
		2C1942A9164A84FCF82E939D /* Pods-CycleSwiftExample.release.xcconfig */ = {isa = PBXFileReference; includeInIndex = 1; lastKnownFileType = text.xcconfig; name = "Pods-CycleSwiftExample.release.xcconfig"; path = "Target Support Files/Pods-CycleSwiftExample/Pods-CycleSwiftExample.release.xcconfig"; sourceTree = "<group>"; };
		57C65B5522365ADE006BF302 /* CycleSwiftExample.app */ = {isa = PBXFileReference; explicitFileType = wrapper.application; includeInIndex = 0; path = CycleSwiftExample.app; sourceTree = BUILT_PRODUCTS_DIR; };
		57C65B5822365ADE006BF302 /* AppDelegate.swift */ = {isa = PBXFileReference; lastKnownFileType = sourcecode.swift; path = AppDelegate.swift; sourceTree = "<group>"; };
		57C65B5A22365ADE006BF302 /* ViewController.swift */ = {isa = PBXFileReference; lastKnownFileType = sourcecode.swift; path = ViewController.swift; sourceTree = "<group>"; };
		57C65B5D22365ADE006BF302 /* Base */ = {isa = PBXFileReference; lastKnownFileType = file.storyboard; name = Base; path = Base.lproj/Main.storyboard; sourceTree = "<group>"; };
		57C65B5F22365ADF006BF302 /* Assets.xcassets */ = {isa = PBXFileReference; lastKnownFileType = folder.assetcatalog; path = Assets.xcassets; sourceTree = "<group>"; };
		57C65B6222365ADF006BF302 /* Base */ = {isa = PBXFileReference; lastKnownFileType = file.storyboard; name = Base; path = Base.lproj/LaunchScreen.storyboard; sourceTree = "<group>"; };
		57C65B6422365ADF006BF302 /* Info.plist */ = {isa = PBXFileReference; lastKnownFileType = text.plist.xml; path = Info.plist; sourceTree = "<group>"; };
		680C3027F00ADBD29A9F1872 /* Pods-CycleSwiftExample.debug.xcconfig */ = {isa = PBXFileReference; includeInIndex = 1; lastKnownFileType = text.xcconfig; name = "Pods-CycleSwiftExample.debug.xcconfig"; path = "Target Support Files/Pods-CycleSwiftExample/Pods-CycleSwiftExample.debug.xcconfig"; sourceTree = "<group>"; };
		FEE5A507F7C8D92A7D0B8C0A /* Pods_CycleSwiftExample.framework */ = {isa = PBXFileReference; explicitFileType = wrapper.framework; includeInIndex = 0; path = Pods_CycleSwiftExample.framework; sourceTree = BUILT_PRODUCTS_DIR; };
/* End PBXFileReference section */

/* Begin PBXFrameworksBuildPhase section */
		57C65B5222365ADE006BF302 /* Frameworks */ = {
			isa = PBXFrameworksBuildPhase;
			buildActionMask = 2147483647;
			files = (
				23AF7608919907A4173B24D3 /* Pods_CycleSwiftExample.framework in Frameworks */,
			);
			runOnlyForDeploymentPostprocessing = 0;
		};
/* End PBXFrameworksBuildPhase section */

/* Begin PBXGroup section */
		57C65B4C22365ADC006BF302 = {
			isa = PBXGroup;
			children = (
				57C65B5722365ADE006BF302 /* CycleSwiftExample */,
				57C65B5622365ADE006BF302 /* Products */,
				FCEB35E1E41692B1BFA3A282 /* Pods */,
				81EB39DECFB7B6D0BBE31706 /* Frameworks */,
			);
			sourceTree = "<group>";
		};
		57C65B5622365ADE006BF302 /* Products */ = {
			isa = PBXGroup;
			children = (
				57C65B5522365ADE006BF302 /* CycleSwiftExample.app */,
			);
			name = Products;
			sourceTree = "<group>";
		};
		57C65B5722365ADE006BF302 /* CycleSwiftExample */ = {
			isa = PBXGroup;
			children = (
				57C65B5822365ADE006BF302 /* AppDelegate.swift */,
				57C65B5A22365ADE006BF302 /* ViewController.swift */,
				57C65B5C22365ADE006BF302 /* Main.storyboard */,
				57C65B5F22365ADF006BF302 /* Assets.xcassets */,
				57C65B6122365ADF006BF302 /* LaunchScreen.storyboard */,
				57C65B6422365ADF006BF302 /* Info.plist */,
			);
			path = CycleSwiftExample;
			sourceTree = "<group>";
		};
		81EB39DECFB7B6D0BBE31706 /* Frameworks */ = {
			isa = PBXGroup;
			children = (
				FEE5A507F7C8D92A7D0B8C0A /* Pods_CycleSwiftExample.framework */,
			);
			name = Frameworks;
			sourceTree = "<group>";
		};
		FCEB35E1E41692B1BFA3A282 /* Pods */ = {
			isa = PBXGroup;
			children = (
				680C3027F00ADBD29A9F1872 /* Pods-CycleSwiftExample.debug.xcconfig */,
				2C1942A9164A84FCF82E939D /* Pods-CycleSwiftExample.release.xcconfig */,
			);
			name = Pods;
			path = Pods;
			sourceTree = "<group>";
		};
/* End PBXGroup section */

/* Begin PBXNativeTarget section */
		57C65B5422365ADE006BF302 /* CycleSwiftExample */ = {
			isa = PBXNativeTarget;
			buildConfigurationList = 57C65B6722365ADF006BF302 /* Build configuration list for PBXNativeTarget "CycleSwiftExample" */;
			buildPhases = (
				316D057B97B758603905A408 /* [CP] Check Pods Manifest.lock */,
				57C65B5122365ADE006BF302 /* Sources */,
				57C65B5222365ADE006BF302 /* Frameworks */,
				57C65B5322365ADE006BF302 /* Resources */,
				182E33C1F8799D4E6BA9F904 /* [CP] Embed Pods Frameworks */,
			);
			buildRules = (
			);
			dependencies = (
			);
			name = CycleSwiftExample;
			productName = CycleSwiftExample;
			productReference = 57C65B5522365ADE006BF302 /* CycleSwiftExample.app */;
			productType = "com.apple.product-type.application";
		};
/* End PBXNativeTarget section */

/* Begin PBXProject section */
		57C65B4D22365ADC006BF302 /* Project object */ = {
			isa = PBXProject;
			attributes = {
				LastSwiftUpdateCheck = 1010;
				LastUpgradeCheck = 1010;
				ORGANIZATIONNAME = thincv;
				TargetAttributes = {
					57C65B5422365ADE006BF302 = {
						CreatedOnToolsVersion = 10.1;
					};
				};
			};
			buildConfigurationList = 57C65B5022365ADC006BF302 /* Build configuration list for PBXProject "CycleSwiftExample" */;
			compatibilityVersion = "Xcode 9.3";
			developmentRegion = en;
			hasScannedForEncodings = 0;
			knownRegions = (
				en,
				Base,
			);
			mainGroup = 57C65B4C22365ADC006BF302;
			productRefGroup = 57C65B5622365ADE006BF302 /* Products */;
			projectDirPath = "";
			projectRoot = "";
			targets = (
				57C65B5422365ADE006BF302 /* CycleSwiftExample */,
			);
		};
/* End PBXProject section */

/* Begin PBXResourcesBuildPhase section */
		57C65B5322365ADE006BF302 /* Resources */ = {
			isa = PBXResourcesBuildPhase;
			buildActionMask = 2147483647;
			files = (
				57C65B6322365ADF006BF302 /* LaunchScreen.storyboard in Resources */,
				57C65B6022365ADF006BF302 /* Assets.xcassets in Resources */,
				57C65B5E22365ADE006BF302 /* Main.storyboard in Resources */,
			);
			runOnlyForDeploymentPostprocessing = 0;
		};
/* End PBXResourcesBuildPhase section */

/* Begin PBXShellScriptBuildPhase section */
		182E33C1F8799D4E6BA9F904 /* [CP] Embed Pods Frameworks */ = {
			isa = PBXShellScriptBuildPhase;
			buildActionMask = 2147483647;
			files = (
			);
			inputFileListPaths = (
			);
			inputPaths = (
				"${PODS_ROOT}/Target Support Files/Pods-CycleSwiftExample/Pods-CycleSwiftExample-frameworks.sh",
				"${BUILT_PRODUCTS_DIR}/Alamofire/Alamofire.framework",
				"${BUILT_PRODUCTS_DIR}/CycleSwift/CycleSwift.framework",
				"${BUILT_PRODUCTS_DIR}/KZFileWatchers/KZFileWatchers.framework",
				"${BUILT_PRODUCTS_DIR}/RxAtomic/RxAtomic.framework",
				"${BUILT_PRODUCTS_DIR}/RxCocoa/RxCocoa.framework",
				"${BUILT_PRODUCTS_DIR}/RxSwift/RxSwift.framework",
				"${BUILT_PRODUCTS_DIR}/Stylist/Stylist.framework",
				"${BUILT_PRODUCTS_DIR}/Yams/Yams.framework",
			);
			name = "[CP] Embed Pods Frameworks";
			outputFileListPaths = (
			);
			outputPaths = (
				"${TARGET_BUILD_DIR}/${FRAMEWORKS_FOLDER_PATH}/Alamofire.framework",
				"${TARGET_BUILD_DIR}/${FRAMEWORKS_FOLDER_PATH}/CycleSwift.framework",
				"${TARGET_BUILD_DIR}/${FRAMEWORKS_FOLDER_PATH}/KZFileWatchers.framework",
				"${TARGET_BUILD_DIR}/${FRAMEWORKS_FOLDER_PATH}/RxAtomic.framework",
				"${TARGET_BUILD_DIR}/${FRAMEWORKS_FOLDER_PATH}/RxCocoa.framework",
				"${TARGET_BUILD_DIR}/${FRAMEWORKS_FOLDER_PATH}/RxSwift.framework",
				"${TARGET_BUILD_DIR}/${FRAMEWORKS_FOLDER_PATH}/Stylist.framework",
				"${TARGET_BUILD_DIR}/${FRAMEWORKS_FOLDER_PATH}/Yams.framework",
			);
			runOnlyForDeploymentPostprocessing = 0;
			shellPath = /bin/sh;
			shellScript = "\"${PODS_ROOT}/Target Support Files/Pods-CycleSwiftExample/Pods-CycleSwiftExample-frameworks.sh\"\n";
			showEnvVarsInLog = 0;
		};
		316D057B97B758603905A408 /* [CP] Check Pods Manifest.lock */ = {
			isa = PBXShellScriptBuildPhase;
			buildActionMask = 2147483647;
			files = (
			);
			inputFileListPaths = (
			);
			inputPaths = (
				"${PODS_PODFILE_DIR_PATH}/Podfile.lock",
				"${PODS_ROOT}/Manifest.lock",
			);
			name = "[CP] Check Pods Manifest.lock";
			outputFileListPaths = (
			);
			outputPaths = (
				"$(DERIVED_FILE_DIR)/Pods-CycleSwiftExample-checkManifestLockResult.txt",
			);
			runOnlyForDeploymentPostprocessing = 0;
			shellPath = /bin/sh;
			shellScript = "diff \"${PODS_PODFILE_DIR_PATH}/Podfile.lock\" \"${PODS_ROOT}/Manifest.lock\" > /dev/null\nif [ $? != 0 ] ; then\n    # print error to STDERR\n    echo \"error: The sandbox is not in sync with the Podfile.lock. Run 'pod install' or update your CocoaPods installation.\" >&2\n    exit 1\nfi\n# This output is used by Xcode 'outputs' to avoid re-running this script phase.\necho \"SUCCESS\" > \"${SCRIPT_OUTPUT_FILE_0}\"\n";
			showEnvVarsInLog = 0;
		};
/* End PBXShellScriptBuildPhase section */

/* Begin PBXSourcesBuildPhase section */
		57C65B5122365ADE006BF302 /* Sources */ = {
			isa = PBXSourcesBuildPhase;
			buildActionMask = 2147483647;
			files = (
				57C65B5B22365ADE006BF302 /* ViewController.swift in Sources */,
				57C65B5922365ADE006BF302 /* AppDelegate.swift in Sources */,
			);
			runOnlyForDeploymentPostprocessing = 0;
		};
/* End PBXSourcesBuildPhase section */

/* Begin PBXVariantGroup section */
		57C65B5C22365ADE006BF302 /* Main.storyboard */ = {
			isa = PBXVariantGroup;
			children = (
				57C65B5D22365ADE006BF302 /* Base */,
			);
			name = Main.storyboard;
			sourceTree = "<group>";
		};
		57C65B6122365ADF006BF302 /* LaunchScreen.storyboard */ = {
			isa = PBXVariantGroup;
			children = (
				57C65B6222365ADF006BF302 /* Base */,
			);
			name = LaunchScreen.storyboard;
			sourceTree = "<group>";
		};
/* End PBXVariantGroup section */

/* Begin XCBuildConfiguration section */
		57C65B6522365ADF006BF302 /* Debug */ = {
			isa = XCBuildConfiguration;
			buildSettings = {
				ALWAYS_SEARCH_USER_PATHS = NO;
				CLANG_ANALYZER_NONNULL = YES;
				CLANG_ANALYZER_NUMBER_OBJECT_CONVERSION = YES_AGGRESSIVE;
				CLANG_CXX_LANGUAGE_STANDARD = "gnu++14";
				CLANG_CXX_LIBRARY = "libc++";
				CLANG_ENABLE_MODULES = YES;
				CLANG_ENABLE_OBJC_ARC = YES;
				CLANG_ENABLE_OBJC_WEAK = YES;
				CLANG_WARN_BLOCK_CAPTURE_AUTORELEASING = YES;
				CLANG_WARN_BOOL_CONVERSION = YES;
				CLANG_WARN_COMMA = YES;
				CLANG_WARN_CONSTANT_CONVERSION = YES;
				CLANG_WARN_DEPRECATED_OBJC_IMPLEMENTATIONS = YES;
				CLANG_WARN_DIRECT_OBJC_ISA_USAGE = YES_ERROR;
				CLANG_WARN_DOCUMENTATION_COMMENTS = YES;
				CLANG_WARN_EMPTY_BODY = YES;
				CLANG_WARN_ENUM_CONVERSION = YES;
				CLANG_WARN_INFINITE_RECURSION = YES;
				CLANG_WARN_INT_CONVERSION = YES;
				CLANG_WARN_NON_LITERAL_NULL_CONVERSION = YES;
				CLANG_WARN_OBJC_IMPLICIT_RETAIN_SELF = YES;
				CLANG_WARN_OBJC_LITERAL_CONVERSION = YES;
				CLANG_WARN_OBJC_ROOT_CLASS = YES_ERROR;
				CLANG_WARN_RANGE_LOOP_ANALYSIS = YES;
				CLANG_WARN_STRICT_PROTOTYPES = YES;
				CLANG_WARN_SUSPICIOUS_MOVE = YES;
				CLANG_WARN_UNGUARDED_AVAILABILITY = YES_AGGRESSIVE;
				CLANG_WARN_UNREACHABLE_CODE = YES;
				CLANG_WARN__DUPLICATE_METHOD_MATCH = YES;
				CODE_SIGN_IDENTITY = "iPhone Developer";
				COPY_PHASE_STRIP = NO;
				DEBUG_INFORMATION_FORMAT = dwarf;
				ENABLE_STRICT_OBJC_MSGSEND = YES;
				ENABLE_TESTABILITY = YES;
				GCC_C_LANGUAGE_STANDARD = gnu11;
				GCC_DYNAMIC_NO_PIC = NO;
				GCC_NO_COMMON_BLOCKS = YES;
				GCC_OPTIMIZATION_LEVEL = 0;
				GCC_PREPROCESSOR_DEFINITIONS = (
					"DEBUG=1",
					"$(inherited)",
				);
				GCC_WARN_64_TO_32_BIT_CONVERSION = YES;
				GCC_WARN_ABOUT_RETURN_TYPE = YES_ERROR;
				GCC_WARN_UNDECLARED_SELECTOR = YES;
				GCC_WARN_UNINITIALIZED_AUTOS = YES_AGGRESSIVE;
				GCC_WARN_UNUSED_FUNCTION = YES;
				GCC_WARN_UNUSED_VARIABLE = YES;
				IPHONEOS_DEPLOYMENT_TARGET = 12.1;
				MTL_ENABLE_DEBUG_INFO = INCLUDE_SOURCE;
				MTL_FAST_MATH = YES;
				ONLY_ACTIVE_ARCH = YES;
				SDKROOT = iphoneos;
				SWIFT_ACTIVE_COMPILATION_CONDITIONS = DEBUG;
				SWIFT_OPTIMIZATION_LEVEL = "-Onone";
			};
			name = Debug;
		};
		57C65B6622365ADF006BF302 /* Release */ = {
			isa = XCBuildConfiguration;
			buildSettings = {
				ALWAYS_SEARCH_USER_PATHS = NO;
				CLANG_ANALYZER_NONNULL = YES;
				CLANG_ANALYZER_NUMBER_OBJECT_CONVERSION = YES_AGGRESSIVE;
				CLANG_CXX_LANGUAGE_STANDARD = "gnu++14";
				CLANG_CXX_LIBRARY = "libc++";
				CLANG_ENABLE_MODULES = YES;
				CLANG_ENABLE_OBJC_ARC = YES;
				CLANG_ENABLE_OBJC_WEAK = YES;
				CLANG_WARN_BLOCK_CAPTURE_AUTORELEASING = YES;
				CLANG_WARN_BOOL_CONVERSION = YES;
				CLANG_WARN_COMMA = YES;
				CLANG_WARN_CONSTANT_CONVERSION = YES;
				CLANG_WARN_DEPRECATED_OBJC_IMPLEMENTATIONS = YES;
				CLANG_WARN_DIRECT_OBJC_ISA_USAGE = YES_ERROR;
				CLANG_WARN_DOCUMENTATION_COMMENTS = YES;
				CLANG_WARN_EMPTY_BODY = YES;
				CLANG_WARN_ENUM_CONVERSION = YES;
				CLANG_WARN_INFINITE_RECURSION = YES;
				CLANG_WARN_INT_CONVERSION = YES;
				CLANG_WARN_NON_LITERAL_NULL_CONVERSION = YES;
				CLANG_WARN_OBJC_IMPLICIT_RETAIN_SELF = YES;
				CLANG_WARN_OBJC_LITERAL_CONVERSION = YES;
				CLANG_WARN_OBJC_ROOT_CLASS = YES_ERROR;
				CLANG_WARN_RANGE_LOOP_ANALYSIS = YES;
				CLANG_WARN_STRICT_PROTOTYPES = YES;
				CLANG_WARN_SUSPICIOUS_MOVE = YES;
				CLANG_WARN_UNGUARDED_AVAILABILITY = YES_AGGRESSIVE;
				CLANG_WARN_UNREACHABLE_CODE = YES;
				CLANG_WARN__DUPLICATE_METHOD_MATCH = YES;
				CODE_SIGN_IDENTITY = "iPhone Developer";
				COPY_PHASE_STRIP = NO;
				DEBUG_INFORMATION_FORMAT = "dwarf-with-dsym";
				ENABLE_NS_ASSERTIONS = NO;
				ENABLE_STRICT_OBJC_MSGSEND = YES;
				GCC_C_LANGUAGE_STANDARD = gnu11;
				GCC_NO_COMMON_BLOCKS = YES;
				GCC_WARN_64_TO_32_BIT_CONVERSION = YES;
				GCC_WARN_ABOUT_RETURN_TYPE = YES_ERROR;
				GCC_WARN_UNDECLARED_SELECTOR = YES;
				GCC_WARN_UNINITIALIZED_AUTOS = YES_AGGRESSIVE;
				GCC_WARN_UNUSED_FUNCTION = YES;
				GCC_WARN_UNUSED_VARIABLE = YES;
				IPHONEOS_DEPLOYMENT_TARGET = 12.1;
				MTL_ENABLE_DEBUG_INFO = NO;
				MTL_FAST_MATH = YES;
				SDKROOT = iphoneos;
				SWIFT_COMPILATION_MODE = wholemodule;
				SWIFT_OPTIMIZATION_LEVEL = "-O";
				VALIDATE_PRODUCT = YES;
			};
			name = Release;
		};
		57C65B6822365ADF006BF302 /* Debug */ = {
			isa = XCBuildConfiguration;
			baseConfigurationReference = 680C3027F00ADBD29A9F1872 /* Pods-CycleSwiftExample.debug.xcconfig */;
			buildSettings = {
				ASSETCATALOG_COMPILER_APPICON_NAME = AppIcon;
				CODE_SIGN_STYLE = Automatic;
				DEVELOPMENT_TEAM = 7CUG34LLJB;
				INFOPLIST_FILE = CycleSwiftExample/Info.plist;
				LD_RUNPATH_SEARCH_PATHS = (
					"$(inherited)",
					"@executable_path/Frameworks",
				);
				PRODUCT_BUNDLE_IDENTIFIER = sixcam.com.CycleSwiftExample;
				PRODUCT_NAME = "$(TARGET_NAME)";
				SWIFT_VERSION = 4.2;
				TARGETED_DEVICE_FAMILY = "1,2";
			};
			name = Debug;
		};
		57C65B6922365ADF006BF302 /* Release */ = {
			isa = XCBuildConfiguration;
			baseConfigurationReference = 2C1942A9164A84FCF82E939D /* Pods-CycleSwiftExample.release.xcconfig */;
			buildSettings = {
				ASSETCATALOG_COMPILER_APPICON_NAME = AppIcon;
				CODE_SIGN_STYLE = Automatic;
				DEVELOPMENT_TEAM = 7CUG34LLJB;
				INFOPLIST_FILE = CycleSwiftExample/Info.plist;
				LD_RUNPATH_SEARCH_PATHS = (
					"$(inherited)",
					"@executable_path/Frameworks",
				);
				PRODUCT_BUNDLE_IDENTIFIER = sixcam.com.CycleSwiftExample;
				PRODUCT_NAME = "$(TARGET_NAME)";
				SWIFT_VERSION = 4.2;
				TARGETED_DEVICE_FAMILY = "1,2";
			};
			name = Release;
		};
/* End XCBuildConfiguration section */

/* Begin XCConfigurationList section */
		57C65B5022365ADC006BF302 /* Build configuration list for PBXProject "CycleSwiftExample" */ = {
			isa = XCConfigurationList;
			buildConfigurations = (
				57C65B6522365ADF006BF302 /* Debug */,
				57C65B6622365ADF006BF302 /* Release */,
			);
			defaultConfigurationIsVisible = 0;
			defaultConfigurationName = Release;
		};
		57C65B6722365ADF006BF302 /* Build configuration list for PBXNativeTarget "CycleSwiftExample" */ = {
			isa = XCConfigurationList;
			buildConfigurations = (
				57C65B6822365ADF006BF302 /* Debug */,
				57C65B6922365ADF006BF302 /* Release */,
			);
			defaultConfigurationIsVisible = 0;
			defaultConfigurationName = Release;
		};
/* End XCConfigurationList section */
	};
	rootObject = 57C65B4D22365ADC006BF302 /* Project object */;
}
